
Microsoft Visual Studio Solution File, Format Version 12.00
# Visual Studio Version 17
VisualStudioVersion = 17.0.31903.59
MinimumVisualStudioVersion = 10.0.40219.1
Project("{2150E333-8FDC-42A3-9474-1A3956D46DE8}") = "src", "src", "{827E0CD3-B72D-47B6-A68D-7590B98EB39B}"
EndProject
Project("{FAE04EC0-301F-11D3-BF4B-00C04F79EFBC}") = "Gcam.Core", "src\Gcam.Core\Gcam.Core.csproj", "{AB1AA75F-0098-43C5-9A8D-65834A9BC766}"
EndProject
Project("{FAE04EC0-301F-11D3-BF4B-00C04F79EFBC}") = "Gcam.Configuration", "src\Gcam.Configuration\Gcam.Configuration.csproj", "{C68CD2D6-86FE-4DE8-A5B2-DA644E5E99C4}"
EndProject
Project("{FAE04EC0-301F-11D3-BF4B-00C04F79EFBC}") = "Gcam.Masks", "src\Gcam.Masks\Gcam.Masks.csproj", "{0BBBDC9A-E4EC-462B-BA0C-4975551008B3}"
EndProject
Project("{FAE04EC0-301F-11D3-BF4B-00C04F79EFBC}") = "Gcam.Simulation", "src\Gcam.Simulation\Gcam.Simulation.csproj", "{CD30B7F9-1638-4142-965E-1B3F0CA82ACB}"
EndProject
Project("{FAE04EC0-301F-11D3-BF4B-00C04F79EFBC}") = "Gcam.Detector", "src\Gcam.Detector\Gcam.Detector.csproj", "{5B45CAF3-CAFA-4D5A-86EE-63702C961C00}"
EndProject
Project("{FAE04EC0-301F-11D3-BF4B-00C04F79EFBC}") = "Gcam.Decoding", "src\Gcam.Decoding\Gcam.Decoding.csproj", "{DC1B3BFF-63ED-4189-958F-796D88F5C619}"
EndProject
Project("{FAE04EC0-301F-11D3-BF4B-00C04F79EFBC}") = "Gcam.Cli", "src\Gcam.Cli\Gcam.Cli.csproj", "{EE263AE8-7A64-4225-908D-9AA22460D9CC}"
EndProject
Project("{FAE04EC0-301F-11D3-BF4B-00C04F79EFBC}") = "Gcam.Tests", "tests\Gcam.Tests\Gcam.Tests.csproj", "{6324A067-3424-4EB7-91B3-CDA336A00921}"
EndProject
Project("{FAE04EC0-301F-11D3-BF4B-00C04F79EFBC}") = "Gcam.Studio", "src\Gcam.Studio\Gcam.Studio.csproj", "{C20CA614-7D1C-4F58-9832-F3F7F2001F1F}"
EndProject
Project("{FAE04EC0-301F-11D3-BF4B-00C04F79EFBC}") = "Gcam.Studio.Tests", "tests\Gcam.Studio.Tests\Gcam.Studio.Tests.csproj", "{C024710A-B00E-45D3-9D76-EFA828B8DC55}"
EndProject
Project("{FAE04EC0-301F-11D3-BF4B-00C04F79EFBC}") = "Gcam.Studio.Core", "src\Gcam.Studio.Core\Gcam.Studio.Core.csproj", "{C950A1A3-EE26-4F4B-8219-AEBF26E482BA}"
EndProject
Project("{FAE04EC0-301F-11D3-BF4B-00C04F79EFBC}") = "Gcam.Studio.Services", "src\Gcam.Studio.Services\Gcam.Studio.Services.csproj", "{21285721-7195-4964-92FE-705617CBFEEF}"
EndProject
Project("{2150E333-8FDC-42A3-9474-1A3956D46DE8}") = "tests", "tests", "{0AB3BF05-4346-4AA6-1389-037BE0695223}"
EndProject
Project("{FAE04EC0-301F-11D3-BF4B-00C04F79EFBC}") = "Gcam.Studio.UiTests", "tests\Gcam.Studio.UiTests\Gcam.Studio.UiTests.csproj", "{A6A35D44-BA10-406E-A253-1B3DE6A62866}"
EndProject
Project("{FAE04EC0-301F-11D3-BF4B-00C04F79EFBC}") = "Gcam.Studio.Services.Tests", "tests\Gcam.Studio.Services.Tests\Gcam.Studio.Services.Tests.csproj", "{4D4CD045-DD20-48E3-85E0-969D5BFA8633}"
EndProject
Project("{FAE04EC0-301F-11D3-BF4B-00C04F79EFBC}") = "Gcam.Studio.RenderTests", "tests\Gcam.Studio.RenderTests\Gcam.Studio.RenderTests.csproj", "{960CB74C-AEA1-4ED0-906E-1ED503289B91}"
EndProject
Global
	GlobalSection(SolutionConfigurationPlatforms) = preSolution
		Debug|Any CPU = Debug|Any CPU
		Debug|x64 = Debug|x64
		Debug|x86 = Debug|x86
		Release|Any CPU = Release|Any CPU
		Release|x64 = Release|x64
		Release|x86 = Release|x86
	EndGlobalSection
	GlobalSection(ProjectConfigurationPlatforms) = postSolution
		{AB1AA75F-0098-43C5-9A8D-65834A9BC766}.Debug|Any CPU.ActiveCfg = Debug|Any CPU
		{AB1AA75F-0098-43C5-9A8D-65834A9BC766}.Debug|Any CPU.Build.0 = Debug|Any CPU
		{AB1AA75F-0098-43C5-9A8D-65834A9BC766}.Debug|x64.ActiveCfg = Debug|Any CPU
		{AB1AA75F-0098-43C5-9A8D-65834A9BC766}.Debug|x64.Build.0 = Debug|Any CPU
		{AB1AA75F-0098-43C5-9A8D-65834A9BC766}.Debug|x86.ActiveCfg = Debug|Any CPU
		{AB1AA75F-0098-43C5-9A8D-65834A9BC766}.Debug|x86.Build.0 = Debug|Any CPU
		{AB1AA75F-0098-43C5-9A8D-65834A9BC766}.Release|Any CPU.ActiveCfg = Release|Any CPU
		{AB1AA75F-0098-43C5-9A8D-65834A9BC766}.Release|Any CPU.Build.0 = Release|Any CPU
		{AB1AA75F-0098-43C5-9A8D-65834A9BC766}.Release|x64.ActiveCfg = Release|Any CPU
		{AB1AA75F-0098-43C5-9A8D-65834A9BC766}.Release|x64.Build.0 = Release|Any CPU
		{AB1AA75F-0098-43C5-9A8D-65834A9BC766}.Release|x86.ActiveCfg = Release|Any CPU
		{AB1AA75F-0098-43C5-9A8D-65834A9BC766}.Release|x86.Build.0 = Release|Any CPU
		{C68CD2D6-86FE-4DE8-A5B2-DA644E5E99C4}.Debug|Any CPU.ActiveCfg = Debug|Any CPU
		{C68CD2D6-86FE-4DE8-A5B2-DA644E5E99C4}.Debug|Any CPU.Build.0 = Debug|Any CPU
		{C68CD2D6-86FE-4DE8-A5B2-DA644E5E99C4}.Debug|x64.ActiveCfg = Debug|Any CPU
		{C68CD2D6-86FE-4DE8-A5B2-DA644E5E99C4}.Debug|x64.Build.0 = Debug|Any CPU
		{C68CD2D6-86FE-4DE8-A5B2-DA644E5E99C4}.Debug|x86.ActiveCfg = Debug|Any CPU
		{C68CD2D6-86FE-4DE8-A5B2-DA644E5E99C4}.Debug|x86.Build.0 = Debug|Any CPU
		{C68CD2D6-86FE-4DE8-A5B2-DA644E5E99C4}.Release|Any CPU.ActiveCfg = Release|Any CPU
		{C68CD2D6-86FE-4DE8-A5B2-DA644E5E99C4}.Release|Any CPU.Build.0 = Release|Any CPU
		{C68CD2D6-86FE-4DE8-A5B2-DA644E5E99C4}.Release|x64.ActiveCfg = Release|Any CPU
		{C68CD2D6-86FE-4DE8-A5B2-DA644E5E99C4}.Release|x64.Build.0 = Release|Any CPU
		{C68CD2D6-86FE-4DE8-A5B2-DA644E5E99C4}.Release|x86.ActiveCfg = Release|Any CPU
		{C68CD2D6-86FE-4DE8-A5B2-DA644E5E99C4}.Release|x86.Build.0 = Release|Any CPU
		{0BBBDC9A-E4EC-462B-BA0C-4975551008B3}.Debug|Any CPU.ActiveCfg = Debug|Any CPU
		{0BBBDC9A-E4EC-462B-BA0C-4975551008B3}.Debug|Any CPU.Build.0 = Debug|Any CPU
		{0BBBDC9A-E4EC-462B-BA0C-4975551008B3}.Debug|x64.ActiveCfg = Debug|Any CPU
		{0BBBDC9A-E4EC-462B-BA0C-4975551008B3}.Debug|x64.Build.0 = Debug|Any CPU
		{0BBBDC9A-E4EC-462B-BA0C-4975551008B3}.Debug|x86.ActiveCfg = Debug|Any CPU
		{0BBBDC9A-E4EC-462B-BA0C-4975551008B3}.Debug|x86.Build.0 = Debug|Any CPU
		{0BBBDC9A-E4EC-462B-BA0C-4975551008B3}.Release|Any CPU.ActiveCfg = Release|Any CPU
		{0BBBDC9A-E4EC-462B-BA0C-4975551008B3}.Release|Any CPU.Build.0 = Release|Any CPU
		{0BBBDC9A-E4EC-462B-BA0C-4975551008B3}.Release|x64.ActiveCfg = Release|Any CPU
		{0BBBDC9A-E4EC-462B-BA0C-4975551008B3}.Release|x64.Build.0 = Release|Any CPU
		{0BBBDC9A-E4EC-462B-BA0C-4975551008B3}.Release|x86.ActiveCfg = Release|Any CPU
		{0BBBDC9A-E4EC-462B-BA0C-4975551008B3}.Release|x86.Build.0 = Release|Any CPU
		{CD30B7F9-1638-4142-965E-1B3F0CA82ACB}.Debug|Any CPU.ActiveCfg = Debug|Any CPU
		{CD30B7F9-1638-4142-965E-1B3F0CA82ACB}.Debug|Any CPU.Build.0 = Debug|Any CPU
		{CD30B7F9-1638-4142-965E-1B3F0CA82ACB}.Debug|x64.ActiveCfg = Debug|Any CPU
		{CD30B7F9-1638-4142-965E-1B3F0CA82ACB}.Debug|x64.Build.0 = Debug|Any CPU
		{CD30B7F9-1638-4142-965E-1B3F0CA82ACB}.Debug|x86.ActiveCfg = Debug|Any CPU
		{CD30B7F9-1638-4142-965E-1B3F0CA82ACB}.Debug|x86.Build.0 = Debug|Any CPU
		{CD30B7F9-1638-4142-965E-1B3F0CA82ACB}.Release|Any CPU.ActiveCfg = Release|Any CPU
		{CD30B7F9-1638-4142-965E-1B3F0CA82ACB}.Release|Any CPU.Build.0 = Release|Any CPU
		{CD30B7F9-1638-4142-965E-1B3F0CA82ACB}.Release|x64.ActiveCfg = Release|Any CPU
		{CD30B7F9-1638-4142-965E-1B3F0CA82ACB}.Release|x64.Build.0 = Release|Any CPU
		{CD30B7F9-1638-4142-965E-1B3F0CA82ACB}.Release|x86.ActiveCfg = Release|Any CPU
		{CD30B7F9-1638-4142-965E-1B3F0CA82ACB}.Release|x86.Build.0 = Release|Any CPU
		{5B45CAF3-CAFA-4D5A-86EE-63702C961C00}.Debug|Any CPU.ActiveCfg = Debug|Any CPU
		{5B45CAF3-CAFA-4D5A-86EE-63702C961C00}.Debug|Any CPU.Build.0 = Debug|Any CPU
		{5B45CAF3-CAFA-4D5A-86EE-63702C961C00}.Debug|x64.ActiveCfg = Debug|Any CPU
		{5B45CAF3-CAFA-4D5A-86EE-63702C961C00}.Debug|x64.Build.0 = Debug|Any CPU
		{5B45CAF3-CAFA-4D5A-86EE-63702C961C00}.Debug|x86.ActiveCfg = Debug|Any CPU
		{5B45CAF3-CAFA-4D5A-86EE-63702C961C00}.Debug|x86.Build.0 = Debug|Any CPU
		{5B45CAF3-CAFA-4D5A-86EE-63702C961C00}.Release|Any CPU.ActiveCfg = Release|Any CPU
		{5B45CAF3-CAFA-4D5A-86EE-63702C961C00}.Release|Any CPU.Build.0 = Release|Any CPU
		{5B45CAF3-CAFA-4D5A-86EE-63702C961C00}.Release|x64.ActiveCfg = Release|Any CPU
		{5B45CAF3-CAFA-4D5A-86EE-63702C961C00}.Release|x64.Build.0 = Release|Any CPU
		{5B45CAF3-CAFA-4D5A-86EE-63702C961C00}.Release|x86.ActiveCfg = Release|Any CPU
		{5B45CAF3-CAFA-4D5A-86EE-63702C961C00}.Release|x86.Build.0 = Release|Any CPU
		{DC1B3BFF-63ED-4189-958F-796D88F5C619}.Debug|Any CPU.ActiveCfg = Debug|Any CPU
		{DC1B3BFF-63ED-4189-958F-796D88F5C619}.Debug|Any CPU.Build.0 = Debug|Any CPU
		{DC1B3BFF-63ED-4189-958F-796D88F5C619}.Debug|x64.ActiveCfg = Debug|Any CPU
		{DC1B3BFF-63ED-4189-958F-796D88F5C619}.Debug|x64.Build.0 = Debug|Any CPU
		{DC1B3BFF-63ED-4189-958F-796D88F5C619}.Debug|x86.ActiveCfg = Debug|Any CPU
		{DC1B3BFF-63ED-4189-958F-796D88F5C619}.Debug|x86.Build.0 = Debug|Any CPU
		{DC1B3BFF-63ED-4189-958F-796D88F5C619}.Release|Any CPU.ActiveCfg = Release|Any CPU
		{DC1B3BFF-63ED-4189-958F-796D88F5C619}.Release|Any CPU.Build.0 = Release|Any CPU
		{DC1B3BFF-63ED-4189-958F-796D88F5C619}.Release|x64.ActiveCfg = Release|Any CPU
		{DC1B3BFF-63ED-4189-958F-796D88F5C619}.Release|x64.Build.0 = Release|Any CPU
		{DC1B3BFF-63ED-4189-958F-796D88F5C619}.Release|x86.ActiveCfg = Release|Any CPU
		{DC1B3BFF-63ED-4189-958F-796D88F5C619}.Release|x86.Build.0 = Release|Any CPU
		{EE263AE8-7A64-4225-908D-9AA22460D9CC}.Debug|Any CPU.ActiveCfg = Debug|Any CPU
		{EE263AE8-7A64-4225-908D-9AA22460D9CC}.Debug|Any CPU.Build.0 = Debug|Any CPU
		{EE263AE8-7A64-4225-908D-9AA22460D9CC}.Debug|x64.ActiveCfg = Debug|Any CPU
		{EE263AE8-7A64-4225-908D-9AA22460D9CC}.Debug|x64.Build.0 = Debug|Any CPU
		{EE263AE8-7A64-4225-908D-9AA22460D9CC}.Debug|x86.ActiveCfg = Debug|Any CPU
		{EE263AE8-7A64-4225-908D-9AA22460D9CC}.Debug|x86.Build.0 = Debug|Any CPU
		{EE263AE8-7A64-4225-908D-9AA22460D9CC}.Release|Any CPU.ActiveCfg = Release|Any CPU
		{EE263AE8-7A64-4225-908D-9AA22460D9CC}.Release|Any CPU.Build.0 = Release|Any CPU
		{EE263AE8-7A64-4225-908D-9AA22460D9CC}.Release|x64.ActiveCfg = Release|Any CPU
		{EE263AE8-7A64-4225-908D-9AA22460D9CC}.Release|x64.Build.0 = Release|Any CPU
		{EE263AE8-7A64-4225-908D-9AA22460D9CC}.Release|x86.ActiveCfg = Release|Any CPU
		{EE263AE8-7A64-4225-908D-9AA22460D9CC}.Release|x86.Build.0 = Release|Any CPU
		{6324A067-3424-4EB7-91B3-CDA336A00921}.Debug|Any CPU.ActiveCfg = Debug|Any CPU
		{6324A067-3424-4EB7-91B3-CDA336A00921}.Debug|Any CPU.Build.0 = Debug|Any CPU
		{6324A067-3424-4EB7-91B3-CDA336A00921}.Debug|x64.ActiveCfg = Debug|Any CPU
		{6324A067-3424-4EB7-91B3-CDA336A00921}.Debug|x64.Build.0 = Debug|Any CPU
		{6324A067-3424-4EB7-91B3-CDA336A00921}.Debug|x86.ActiveCfg = Debug|Any CPU
		{6324A067-3424-4EB7-91B3-CDA336A00921}.Debug|x86.Build.0 = Debug|Any CPU
		{6324A067-3424-4EB7-91B3-CDA336A00921}.Release|Any CPU.ActiveCfg = Release|Any CPU
		{6324A067-3424-4EB7-91B3-CDA336A00921}.Release|Any CPU.Build.0 = Release|Any CPU
		{6324A067-3424-4EB7-91B3-CDA336A00921}.Release|x64.ActiveCfg = Release|Any CPU
		{6324A067-3424-4EB7-91B3-CDA336A00921}.Release|x64.Build.0 = Release|Any CPU
		{6324A067-3424-4EB7-91B3-CDA336A00921}.Release|x86.ActiveCfg = Release|Any CPU
		{6324A067-3424-4EB7-91B3-CDA336A00921}.Release|x86.Build.0 = Release|Any CPU
		{C20CA614-7D1C-4F58-9832-F3F7F2001F1F}.Debug|Any CPU.ActiveCfg = Debug|Any CPU
		{C20CA614-7D1C-4F58-9832-F3F7F2001F1F}.Debug|Any CPU.Build.0 = Debug|Any CPU
		{C20CA614-7D1C-4F58-9832-F3F7F2001F1F}.Debug|x64.ActiveCfg = Debug|Any CPU
		{C20CA614-7D1C-4F58-9832-F3F7F2001F1F}.Debug|x64.Build.0 = Debug|Any CPU
		{C20CA614-7D1C-4F58-9832-F3F7F2001F1F}.Debug|x86.ActiveCfg = Debug|Any CPU
		{C20CA614-7D1C-4F58-9832-F3F7F2001F1F}.Debug|x86.Build.0 = Debug|Any CPU
		{C20CA614-7D1C-4F58-9832-F3F7F2001F1F}.Release|Any CPU.ActiveCfg = Release|Any CPU
		{C20CA614-7D1C-4F58-9832-F3F7F2001F1F}.Release|Any CPU.Build.0 = Release|Any CPU
		{C20CA614-7D1C-4F58-9832-F3F7F2001F1F}.Release|x64.ActiveCfg = Release|Any CPU
		{C20CA614-7D1C-4F58-9832-F3F7F2001F1F}.Release|x64.Build.0 = Release|Any CPU
		{C20CA614-7D1C-4F58-9832-F3F7F2001F1F}.Release|x86.ActiveCfg = Release|Any CPU
		{C20CA614-7D1C-4F58-9832-F3F7F2001F1F}.Release|x86.Build.0 = Release|Any CPU
		{C024710A-B00E-45D3-9D76-EFA828B8DC55}.Debug|Any CPU.ActiveCfg = Debug|Any CPU
		{C024710A-B00E-45D3-9D76-EFA828B8DC55}.Debug|Any CPU.Build.0 = Debug|Any CPU
		{C024710A-B00E-45D3-9D76-EFA828B8DC55}.Debug|x64.ActiveCfg = Debug|Any CPU
		{C024710A-B00E-45D3-9D76-EFA828B8DC55}.Debug|x64.Build.0 = Debug|Any CPU
		{C024710A-B00E-45D3-9D76-EFA828B8DC55}.Debug|x86.ActiveCfg = Debug|Any CPU
		{C024710A-B00E-45D3-9D76-EFA828B8DC55}.Debug|x86.Build.0 = Debug|Any CPU
		{C024710A-B00E-45D3-9D76-EFA828B8DC55}.Release|Any CPU.ActiveCfg = Release|Any CPU
		{C024710A-B00E-45D3-9D76-EFA828B8DC55}.Release|Any CPU.Build.0 = Release|Any CPU
		{C024710A-B00E-45D3-9D76-EFA828B8DC55}.Release|x64.ActiveCfg = Release|Any CPU
		{C024710A-B00E-45D3-9D76-EFA828B8DC55}.Release|x64.Build.0 = Release|Any CPU
		{C024710A-B00E-45D3-9D76-EFA828B8DC55}.Release|x86.ActiveCfg = Release|Any CPU
		{C024710A-B00E-45D3-9D76-EFA828B8DC55}.Release|x86.Build.0 = Release|Any CPU
		{C950A1A3-EE26-4F4B-8219-AEBF26E482BA}.Debug|Any CPU.ActiveCfg = Debug|Any CPU
		{C950A1A3-EE26-4F4B-8219-AEBF26E482BA}.Debug|Any CPU.Build.0 = Debug|Any CPU
		{C950A1A3-EE26-4F4B-8219-AEBF26E482BA}.Debug|x64.ActiveCfg = Debug|Any CPU
		{C950A1A3-EE26-4F4B-8219-AEBF26E482BA}.Debug|x64.Build.0 = Debug|Any CPU
		{C950A1A3-EE26-4F4B-8219-AEBF26E482BA}.Debug|x86.ActiveCfg = Debug|Any CPU
		{C950A1A3-EE26-4F4B-8219-AEBF26E482BA}.Debug|x86.Build.0 = Debug|Any CPU
		{C950A1A3-EE26-4F4B-8219-AEBF26E482BA}.Release|Any CPU.ActiveCfg = Release|Any CPU
		{C950A1A3-EE26-4F4B-8219-AEBF26E482BA}.Release|Any CPU.Build.0 = Release|Any CPU
		{C950A1A3-EE26-4F4B-8219-AEBF26E482BA}.Release|x64.ActiveCfg = Release|Any CPU
		{C950A1A3-EE26-4F4B-8219-AEBF26E482BA}.Release|x64.Build.0 = Release|Any CPU
		{C950A1A3-EE26-4F4B-8219-AEBF26E482BA}.Release|x86.ActiveCfg = Release|Any CPU
		{C950A1A3-EE26-4F4B-8219-AEBF26E482BA}.Release|x86.Build.0 = Release|Any CPU
		{21285721-7195-4964-92FE-705617CBFEEF}.Debug|Any CPU.ActiveCfg = Debug|Any CPU
		{21285721-7195-4964-92FE-705617CBFEEF}.Debug|Any CPU.Build.0 = Debug|Any CPU
		{21285721-7195-4964-92FE-705617CBFEEF}.Debug|x64.ActiveCfg = Debug|Any CPU
		{21285721-7195-4964-92FE-705617CBFEEF}.Debug|x64.Build.0 = Debug|Any CPU
		{21285721-7195-4964-92FE-705617CBFEEF}.Debug|x86.ActiveCfg = Debug|Any CPU
		{21285721-7195-4964-92FE-705617CBFEEF}.Debug|x86.Build.0 = Debug|Any CPU
		{21285721-7195-4964-92FE-705617CBFEEF}.Release|Any CPU.ActiveCfg = Release|Any CPU
		{21285721-7195-4964-92FE-705617CBFEEF}.Release|Any CPU.Build.0 = Release|Any CPU
		{21285721-7195-4964-92FE-705617CBFEEF}.Release|x64.ActiveCfg = Release|Any CPU
		{21285721-7195-4964-92FE-705617CBFEEF}.Release|x64.Build.0 = Release|Any CPU
		{21285721-7195-4964-92FE-705617CBFEEF}.Release|x86.ActiveCfg = Release|Any CPU
		{21285721-7195-4964-92FE-705617CBFEEF}.Release|x86.Build.0 = Release|Any CPU
		{A6A35D44-BA10-406E-A253-1B3DE6A62866}.Debug|Any CPU.ActiveCfg = Debug|Any CPU
		{A6A35D44-BA10-406E-A253-1B3DE6A62866}.Debug|Any CPU.Build.0 = Debug|Any CPU
		{A6A35D44-BA10-406E-A253-1B3DE6A62866}.Debug|x64.ActiveCfg = Debug|Any CPU
		{A6A35D44-BA10-406E-A253-1B3DE6A62866}.Debug|x64.Build.0 = Debug|Any CPU
		{A6A35D44-BA10-406E-A253-1B3DE6A62866}.Debug|x86.ActiveCfg = Debug|Any CPU
		{A6A35D44-BA10-406E-A253-1B3DE6A62866}.Debug|x86.Build.0 = Debug|Any CPU
		{A6A35D44-BA10-406E-A253-1B3DE6A62866}.Release|Any CPU.ActiveCfg = Release|Any CPU
		{A6A35D44-BA10-406E-A253-1B3DE6A62866}.Release|Any CPU.Build.0 = Release|Any CPU
		{A6A35D44-BA10-406E-A253-1B3DE6A62866}.Release|x64.ActiveCfg = Release|Any CPU
		{A6A35D44-BA10-406E-A253-1B3DE6A62866}.Release|x64.Build.0 = Release|Any CPU
		{A6A35D44-BA10-406E-A253-1B3DE6A62866}.Release|x86.ActiveCfg = Release|Any CPU
		{A6A35D44-BA10-406E-A253-1B3DE6A62866}.Release|x86.Build.0 = Release|Any CPU
		{4D4CD045-DD20-48E3-85E0-969D5BFA8633}.Debug|Any CPU.ActiveCfg = Debug|Any CPU
		{4D4CD045-DD20-48E3-85E0-969D5BFA8633}.Debug|Any CPU.Build.0 = Debug|Any CPU
		{4D4CD045-DD20-48E3-85E0-969D5BFA8633}.Debug|x64.ActiveCfg = Debug|Any CPU
		{4D4CD045-DD20-48E3-85E0-969D5BFA8633}.Debug|x64.Build.0 = Debug|Any CPU
		{4D4CD045-DD20-48E3-85E0-969D5BFA8633}.Debug|x86.ActiveCfg = Debug|Any CPU
		{4D4CD045-DD20-48E3-85E0-969D5BFA8633}.Debug|x86.Build.0 = Debug|Any CPU
		{4D4CD045-DD20-48E3-85E0-969D5BFA8633}.Release|Any CPU.ActiveCfg = Release|Any CPU
		{4D4CD045-DD20-48E3-85E0-969D5BFA8633}.Release|Any CPU.Build.0 = Release|Any CPU
		{4D4CD045-DD20-48E3-85E0-969D5BFA8633}.Release|x64.ActiveCfg = Release|Any CPU
		{4D4CD045-DD20-48E3-85E0-969D5BFA8633}.Release|x64.Build.0 = Release|Any CPU
		{4D4CD045-DD20-48E3-85E0-969D5BFA8633}.Release|x86.ActiveCfg = Release|Any CPU
		{4D4CD045-DD20-48E3-85E0-969D5BFA8633}.Release|x86.Build.0 = Release|Any CPU
		{960CB74C-AEA1-4ED0-906E-1ED503289B91}.Debug|Any CPU.ActiveCfg = Debug|Any CPU
		{960CB74C-AEA1-4ED0-906E-1ED503289B91}.Debug|Any CPU.Build.0 = Debug|Any CPU
		{960CB74C-AEA1-4ED0-906E-1ED503289B91}.Debug|x64.ActiveCfg = Debug|Any CPU
		{960CB74C-AEA1-4ED0-906E-1ED503289B91}.Debug|x64.Build.0 = Debug|Any CPU
		{960CB74C-AEA1-4ED0-906E-1ED503289B91}.Debug|x86.ActiveCfg = Debug|Any CPU
		{960CB74C-AEA1-4ED0-906E-1ED503289B91}.Debug|x86.Build.0 = Debug|Any CPU
		{960CB74C-AEA1-4ED0-906E-1ED503289B91}.Release|Any CPU.ActiveCfg = Release|Any CPU
		{960CB74C-AEA1-4ED0-906E-1ED503289B91}.Release|Any CPU.Build.0 = Release|Any CPU
		{960CB74C-AEA1-4ED0-906E-1ED503289B91}.Release|x64.ActiveCfg = Release|Any CPU
		{960CB74C-AEA1-4ED0-906E-1ED503289B91}.Release|x64.Build.0 = Release|Any CPU
		{960CB74C-AEA1-4ED0-906E-1ED503289B91}.Release|x86.ActiveCfg = Release|Any CPU
		{960CB74C-AEA1-4ED0-906E-1ED503289B91}.Release|x86.Build.0 = Release|Any CPU
	EndGlobalSection
	GlobalSection(SolutionProperties) = preSolution
		HideSolutionNode = FALSE
	EndGlobalSection
	GlobalSection(NestedProjects) = preSolution
		{AB1AA75F-0098-43C5-9A8D-65834A9BC766} = {827E0CD3-B72D-47B6-A68D-7590B98EB39B}
		{C68CD2D6-86FE-4DE8-A5B2-DA644E5E99C4} = {827E0CD3-B72D-47B6-A68D-7590B98EB39B}
		{0BBBDC9A-E4EC-462B-BA0C-4975551008B3} = {827E0CD3-B72D-47B6-A68D-7590B98EB39B}
		{CD30B7F9-1638-4142-965E-1B3F0CA82ACB} = {827E0CD3-B72D-47B6-A68D-7590B98EB39B}
		{5B45CAF3-CAFA-4D5A-86EE-63702C961C00} = {827E0CD3-B72D-47B6-A68D-7590B98EB39B}
		{DC1B3BFF-63ED-4189-958F-796D88F5C619} = {827E0CD3-B72D-47B6-A68D-7590B98EB39B}
		{EE263AE8-7A64-4225-908D-9AA22460D9CC} = {827E0CD3-B72D-47B6-A68D-7590B98EB39B}
		{6324A067-3424-4EB7-91B3-CDA336A00921} = {827E0CD3-B72D-47B6-A68D-7590B98EB39B}
		{C20CA614-7D1C-4F58-9832-F3F7F2001F1F} = {827E0CD3-B72D-47B6-A68D-7590B98EB39B}
		{C024710A-B00E-45D3-9D76-EFA828B8DC55} = {827E0CD3-B72D-47B6-A68D-7590B98EB39B}
		{C950A1A3-EE26-4F4B-8219-AEBF26E482BA} = {827E0CD3-B72D-47B6-A68D-7590B98EB39B}
		{21285721-7195-4964-92FE-705617CBFEEF} = {827E0CD3-B72D-47B6-A68D-7590B98EB39B}
		{A6A35D44-BA10-406E-A253-1B3DE6A62866} = {0AB3BF05-4346-4AA6-1389-037BE0695223}
		{4D4CD045-DD20-48E3-85E0-969D5BFA8633} = {0AB3BF05-4346-4AA6-1389-037BE0695223}
		{960CB74C-AEA1-4ED0-906E-1ED503289B91} = {0AB3BF05-4346-4AA6-1389-037BE0695223}
	EndGlobalSection
EndGlobal
